
Microsoft Visual Studio Solution File, Format Version 12.00
# Visual Studio Version 16
VisualStudioVersion = 16.0.31105.61
MinimumVisualStudioVersion = 10.0.40219.1
Project("{FAE04EC0-301F-11D3-BF4B-00C04F79EFBC}") = "HelloWorldTutor", "HelloWorldTutor\HelloWorldTutor.csproj", "{3ADBA6E0-4537-43E7-9579-C059EECE3482}"
EndProject
Global
	GlobalSection(SolutionConfigurationPlatforms) = preSolution
		Debug|Any CPU = Debug|Any CPU
		Release|Any CPU = Release|Any CPU
	EndGlobalSection
	GlobalSection(ProjectConfigurationPlatforms) = postSolution
		{3ADBA6E0-4537-43E7-9579-C059EECE3482}.Debug|Any CPU.ActiveCfg = Debug|Any CPU
		{3ADBA6E0-4537-43E7-9579-C059EECE3482}.Debug|Any CPU.Build.0 = Debug|Any CPU
		{3ADBA6E0-4537-43E7-9579-C059EECE3482}.Release|Any CPU.ActiveCfg = Release|Any CPU
		{3ADBA6E0-4537-43E7-9579-C059EECE3482}.Release|Any CPU.Build.0 = Release|Any CPU
	EndGlobalSection
	GlobalSection(SolutionProperties) = preSolution
		HideSolutionNode = FALSE
	EndGlobalSection
	GlobalSection(ExtensibilityGlobals) = postSolution
		SolutionGuid = {7EF41276-2BA4-4663-A197-D1CFE563F24A}
	EndGlobalSection
EndGlobal
